<?xml version="1.0" encoding="utf-8"?>
<Project ToolsVersion="4.0" xmlns="http://schemas.microsoft.com/developer/msbuild/2003">
  <ItemGroup>
    <Filter Include="Source Files">
      <UniqueIdentifier>{4FC737F1-C7A5-4376-A066-2A32D752A2FF}</UniqueIdentifier>
      <Extensions>cpp;c;cc;cxx;def;odl;idl;hpj;bat;asm;asmx</Extensions>
    </Filter>
    <Filter Include="Header Files">
      <UniqueIdentifier>{93995380-89BD-4b04-88EB-625FBE52EBFB}</UniqueIdentifier>
      <Extensions>h;hh;hpp;hxx;hm;inl;inc;ipp;xsd</Extensions>
    </Filter>
    <Filter Include="Header Files\graphics">
      <UniqueIdentifier>{ecf9c13f-caf3-46cd-8b4a-53c0ec789330}</UniqueIdentifier>
    </Filter>
    <Filter Include="Header Files\input">
      <UniqueIdentifier>{8c154e7e-87af-4149-bbcc-fb58f6128f3c}</UniqueIdentifier>
    </Filter>
    <Filter Include="Header Files\math">
      <UniqueIdentifier>{be6bc2c1-3aab-4870-bf7e-6bd7a99ca26d}</UniqueIdentifier>
    </Filter>
    <Filter Include="Header Files\atop">
      <UniqueIdentifier>{2d9b8264-f315-4579-90f7-83df2a344ae2}</UniqueIdentifier>
    </Filter>
    <Filter Include="Header Files\Shaders">
      <UniqueIdentifier>{c843fc78-90ef-4472-b05f-869d8f0dadb7}</UniqueIdentifier>
    </Filter>
  </ItemGroup>
  <ItemGroup>
    <ClCompile Include="glad.c">
      <Filter>Source Files</Filter>
    </ClCompile>
    <ClCompile Include="Engine\Window.cpp">
      <Filter>Header Files\graphics</Filter>
    </ClCompile>
    <ClCompile Include="Engine\Math\Vector2.cpp">
      <Filter>Header Files\math</Filter>
    </ClCompile>
    <ClCompile Include="Engine\Math\Vector3.cpp">
      <Filter>Header Files\math</Filter>
    </ClCompile>
    <ClCompile Include="Engine\Math\vector4.cpp">
      <Filter>Header Files\math</Filter>
    </ClCompile>
    <ClCompile Include="main.cpp">
      <Filter>Source Files</Filter>
    </ClCompile>
    <ClCompile Include="Engine\Math\mat4.cpp">
      <Filter>Header Files\math</Filter>
    </ClCompile>
    <ClCompile Include="Engine\Mesh.cpp">
      <Filter>Header Files\graphics</Filter>
    </ClCompile>
    <ClCompile Include="Engine\Shader.cpp">
      <Filter>Header Files\graphics</Filter>
    </ClCompile>
    <ClCompile Include="Game.cpp">
      <Filter>Header Files\graphics</Filter>
    </ClCompile>
  </ItemGroup>
  <ItemGroup>
    <ClInclude Include="Engine\Camera.h">
      <Filter>Header Files</Filter>
    </ClInclude>
    <ClInclude Include="Engine\Window.h">
      <Filter>Header Files\graphics</Filter>
    </ClInclude>
    <ClInclude Include="Engine\Math\Vector2.h">
      <Filter>Header Files\math</Filter>
    </ClInclude>
    <ClInclude Include="Engine\Math\Vector3.h">
      <Filter>Header Files\math</Filter>
    </ClInclude>
    <ClInclude Include="Engine\Math\vector4.h">
      <Filter>Header Files\math</Filter>
    </ClInclude>
    <ClInclude Include="Engine\Math\math.h">
      <Filter>Header Files\math</Filter>
    </ClInclude>
    <ClInclude Include="Engine\Math\mat4.h">
      <Filter>Header Files\math</Filter>
    </ClInclude>
    <ClInclude Include="Engine\Mesh.h">
      <Filter>Header Files\graphics</Filter>
    </ClInclude>
    <ClInclude Include="Engine\Shader.h">
      <Filter>Header Files\graphics</Filter>
    </ClInclude>
    <ClInclude Include="Game.h">
      <Filter>Header Files\atop</Filter>
    </ClInclude>
  </ItemGroup>
  <ItemGroup>
    <None Include="Shaders\1.colors.fs">
      <Filter>Header Files\Shaders</Filter>
    </None>
    <None Include="Shaders\1.colors.vs">
      <Filter>Header Files\Shaders</Filter>
    </None>
    <None Include="Shaders\1.lamp.fs">
      <Filter>Header Files\Shaders</Filter>
    </None>
    <None Include="Shaders\1.lamp.vs">
      <Filter>Header Files\Shaders</Filter>
    </None>
    <None Include="Shaders\4.2.texture.fs">
      <Filter>Header Files\Shaders</Filter>
    </None>
    <None Include="Shaders\4.2.texture.vs">
      <Filter>Header Files\Shaders</Filter>
    </None>
    <None Include="Shaders\passthrough.fs">
      <Filter>Header Files\Shaders</Filter>
    </None>
    <None Include="Shaders\passthrough.vs">
      <Filter>Header Files\Shaders</Filter>
    </None>
  </ItemGroup>
</Project>